
Microsoft Visual Studio Solution File, Format Version 12.00
# Visual Studio Version 17
VisualStudioVersion = 17.5.33502.453
MinimumVisualStudioVersion = 10.0.40219.1
Project("{8BC9CEB8-8B4A-11D0-8D11-00A0C91BC942}") = "MeinErsterKlon", "MeinErsterKlon\MeinErsterKlon.vcxproj", "{5DF22B67-75D7-4030-A60A-D6792A946BCA}"
EndProject
Global
	GlobalSection(SolutionConfigurationPlatforms) = preSolution
		Debug|x64 = Debug|x64
		Debug|x86 = Debug|x86
		Release|x64 = Release|x64
		Release|x86 = Release|x86
	EndGlobalSection
	GlobalSection(ProjectConfigurationPlatforms) = postSolution
		{5DF22B67-75D7-4030-A60A-D6792A946BCA}.Debug|x64.ActiveCfg = Debug|x64
		{5DF22B67-75D7-4030-A60A-D6792A946BCA}.Debug|x64.Build.0 = Debug|x64
		{5DF22B67-75D7-4030-A60A-D6792A946BCA}.Debug|x86.ActiveCfg = Debug|Win32
		{5DF22B67-75D7-4030-A60A-D6792A946BCA}.Debug|x86.Build.0 = Debug|Win32
		{5DF22B67-75D7-4030-A60A-D6792A946BCA}.Release|x64.ActiveCfg = Release|x64
		{5DF22B67-75D7-4030-A60A-D6792A946BCA}.Release|x64.Build.0 = Release|x64
		{5DF22B67-75D7-4030-A60A-D6792A946BCA}.Release|x86.ActiveCfg = Release|Win32
		{5DF22B67-75D7-4030-A60A-D6792A946BCA}.Release|x86.Build.0 = Release|Win32
	EndGlobalSection
	GlobalSection(SolutionProperties) = preSolution
		HideSolutionNode = FALSE
	EndGlobalSection
	GlobalSection(ExtensibilityGlobals) = postSolution
		SolutionGuid = {B7B8C53D-4AC3-4E4D-98B9-149424F79A74}
	EndGlobalSection
EndGlobal
